
Microsoft Visual Studio Solution File, Format Version 12.00
# Visual Studio Version 17
VisualStudioVersion = 17.3.32825.248
MinimumVisualStudioVersion = 10.0.40219.1
Project("{FAE04EC0-301F-11D3-BF4B-00C04F79EFBC}") = "EX3POO", "EX3POO\EX3POO.csproj", "{2153A8F9-1838-4F36-8BE5-91ACBCEAF308}"
EndProject
Global
	GlobalSection(SolutionConfigurationPlatforms) = preSolution
		Debug|Any CPU = Debug|Any CPU
		Release|Any CPU = Release|Any CPU
	EndGlobalSection
	GlobalSection(ProjectConfigurationPlatforms) = postSolution
		{2153A8F9-1838-4F36-8BE5-91ACBCEAF308}.Debug|Any CPU.ActiveCfg = Debug|Any CPU
		{2153A8F9-1838-4F36-8BE5-91ACBCEAF308}.Debug|Any CPU.Build.0 = Debug|Any CPU
		{2153A8F9-1838-4F36-8BE5-91ACBCEAF308}.Release|Any CPU.ActiveCfg = Release|Any CPU
		{2153A8F9-1838-4F36-8BE5-91ACBCEAF308}.Release|Any CPU.Build.0 = Release|Any CPU
	EndGlobalSection
	GlobalSection(SolutionProperties) = preSolution
		HideSolutionNode = FALSE
	EndGlobalSection
	GlobalSection(ExtensibilityGlobals) = postSolution
		SolutionGuid = {5F08440E-AA0D-467E-AFC7-801FCE87E939}
	EndGlobalSection
EndGlobal
